{
  "name": "@kenrick95/nikku-root",
  "version": "1.0.0",
  "lockfileVersion": 3,
  "requires": true,
  "packages": {
    "": {
      "name": "@kenrick95/nikku-root",
      "version": "1.0.0",
      "license": "MIT",
      "devDependencies": {
        "pnpm": "^9.0.6"
      }
    },
    "node_modules/pnpm": {
      "version": "9.0.6",
      "resolved": "https://registry.npmjs.org/pnpm/-/pnpm-9.0.6.tgz",
      "integrity": "sha512-9thjEwlzIHy3ozbWtDmiQqJqyAaAd99TDWqGBpQZhT3B/+ZAKexZSpxQWjpBDRlkPIcKumd2Mw9c/dzxCpwWFw==",
      "dev": true,
      "bin": {
        "pnpm": "bin/pnpm.cjs",
        "pnpx": "bin/pnpx.cjs"
      },
      "engines": {
        "node": ">=18.12"
      },
      "funding": {
        "url": "https://opencollective.com/pnpm"
      }
    }
  }
}
